
Microsoft Visual Studio Solution File, Format Version 12.00
# Visual Studio 15
VisualStudioVersion = 15.0.28307.1022
MinimumVisualStudioVersion = 10.0.40219.1
Project("{2150E333-8FDC-42A3-9474-1A3956D46DE8}") = "SOLID", "SOLID", "{9DCCF51A-843C-44EA-80A1-7D05AFAC38DC}"
EndProject
Project("{2150E333-8FDC-42A3-9474-1A3956D46DE8}") = "Structural", "Structural", "{503DEFDC-965E-4046-B821-E4A8ED42CC48}"
EndProject
Project("{2150E333-8FDC-42A3-9474-1A3956D46DE8}") = "Behavioral", "Behavioral", "{72325D83-B13E-4645-8A93-6CA091EF750E}"
EndProject
Project("{2150E333-8FDC-42A3-9474-1A3956D46DE8}") = "Creational", "Creational", "{6A332E5A-4629-4FAF-8E9C-3F218154EEC3}"
EndProject
Project("{FAE04EC0-301F-11D3-BF4B-00C04F79EFBC}") = "SingleResponsibilityPrinciple", "SingleResponsibilityPrinciple\SingleResponsibilityPrinciple.csproj", "{E237E5C9-176E-47DF-AA51-DEAD32899C2F}"
EndProject
Project("{FAE04EC0-301F-11D3-BF4B-00C04F79EFBC}") = "OpenClosedPrinciple", "OpenClosedPrinciple\OpenClosedPrinciple.csproj", "{B2F792BB-D37B-49E9-9D56-1F1FD96D477E}"
EndProject
Project("{FAE04EC0-301F-11D3-BF4B-00C04F79EFBC}") = "LiskovSubsitutionPrinciple", "LiskovSubsitutionPrinciple\LiskovSubsitutionPrinciple.csproj", "{DDF28049-10FE-46A9-99C0-E773F98D87EE}"
EndProject
Project("{FAE04EC0-301F-11D3-BF4B-00C04F79EFBC}") = "InterfaceSegregationPrinciple", "InterfaceSegregationPrinciple\InterfaceSegregationPrinciple.csproj", "{B3E84C34-7651-4109-AC95-5C78F768E7DD}"
EndProject
Project("{FAE04EC0-301F-11D3-BF4B-00C04F79EFBC}") = "DependencyInversionPrinciple", "DependencyInversionPrinciple\DependencyInversionPrinciple.csproj", "{7018000D-D8C9-4CB0-9F79-B07AC877E604}"
EndProject
Project("{FAE04EC0-301F-11D3-BF4B-00C04F79EFBC}") = "BuilderPattern", "BuilderPattern\BuilderPattern.csproj", "{0D92489A-709D-406A-9689-AC20AEEDDF3E}"
EndProject
Project("{2150E333-8FDC-42A3-9474-1A3956D46DE8}") = "Builder", "Builder", "{CCA6B77B-DEAF-4CD2-8418-CEF32FFBE5B8}"
EndProject
Project("{FAE04EC0-301F-11D3-BF4B-00C04F79EFBC}") = "FluentBuilderWithINheritance", "FluentBuilderWithINheritance\FluentBuilderWithINheritance.csproj", "{86B4767A-1CE4-47D4-93F5-2058DDA5AB93}"
EndProject
Project("{FAE04EC0-301F-11D3-BF4B-00C04F79EFBC}") = "FunctionalBuilder", "FunctionalBuilder\FunctionalBuilder.csproj", "{C400B010-92D6-4185-8932-B59402945394}"
EndProject
Project("{9A19103F-16F7-4668-BE54-9A1E7A4F7556}") = "Faceted Builder", "Faceted Builder\Faceted Builder.csproj", "{9424A882-D3E2-4C97-8C5B-E0824A4D1996}"
EndProject
Project("{FAE04EC0-301F-11D3-BF4B-00C04F79EFBC}") = "Test", "Test\Test.csproj", "{2F2D3028-CEC2-4C30-A98C-7CE69A356EE4}"
EndProject
Project("{2150E333-8FDC-42A3-9474-1A3956D46DE8}") = "Factories", "Factories", "{FD15F11E-4AC6-453B-A7D9-658FC5D35842}"
EndProject
Project("{9A19103F-16F7-4668-BE54-9A1E7A4F7556}") = "FactoryMethod", "19.PointExample\FactoryMethod.csproj", "{EEDE1C14-5693-45AE-8BE0-50F2EC1879F2}"
EndProject
Project("{9A19103F-16F7-4668-BE54-9A1E7A4F7556}") = "AsynchronousFactoryMethod", "AsynchronousFactoryMethod\AsynchronousFactoryMethod.csproj", "{A347AA7B-E565-4C9A-ACDB-3A2A3EFC5ED9}"
EndProject
Project("{9A19103F-16F7-4668-BE54-9A1E7A4F7556}") = "Factory", "Factory\Factory.csproj", "{8E37C615-7B69-4010-B7A8-FACF00CE6146}"
EndProject
Project("{9A19103F-16F7-4668-BE54-9A1E7A4F7556}") = "AbstractFactory", "AbstractFactory\AbstractFactory.csproj", "{4E997313-3727-422C-9065-692A4529BB7F}"
EndProject
Project("{9A19103F-16F7-4668-BE54-9A1E7A4F7556}") = "Test2", "Test2\Test2.csproj", "{5685B0AE-E2E5-4576-BEBA-6B5994DFEFFF}"
EndProject
Project("{2150E333-8FDC-42A3-9474-1A3956D46DE8}") = "Prototype", "Prototype", "{2073A0D5-238D-49D4-B222-9530F6507BCA}"
EndProject
Project("{9A19103F-16F7-4668-BE54-9A1E7A4F7556}") = "Prorotype_CopyConstructor", "Prorotype\Prorotype_CopyConstructor.csproj", "{BDAF8B57-F887-4754-957E-39017AD283EE}"
EndProject
Project("{9A19103F-16F7-4668-BE54-9A1E7A4F7556}") = "Prototype_CopyTroughSerialization", "Prototype_CopyTroughSerialization\Prototype_CopyTroughSerialization.csproj", "{452CA648-77D5-4A2A-ACA2-20C9406509B3}"
EndProject
Project("{2150E333-8FDC-42A3-9474-1A3956D46DE8}") = "Singleton", "Singleton", "{9BC266B3-0560-4ABE-915B-632F5ACDEC52}"
EndProject
Project("{9A19103F-16F7-4668-BE54-9A1E7A4F7556}") = "SingletonPattern", "SingletonPattern\SingletonPattern.csproj", "{9499648A-9B3D-468B-AFF5-331125082E2C}"
EndProject
Project("{9A19103F-16F7-4668-BE54-9A1E7A4F7556}") = "MonostatePattern", "MonostatePattern\MonostatePattern.csproj", "{D4EC1F57-FC55-405C-BD1A-550C16D13E01}"
EndProject
Project("{2150E333-8FDC-42A3-9474-1A3956D46DE8}") = "Adapter", "Adapter", "{FD53C59F-DFC5-41D2-9BA6-A3EDD3420E4D}"
EndProject
Project("{9A19103F-16F7-4668-BE54-9A1E7A4F7556}") = "AdapterPattern", "AdapterPattern\AdapterPattern.csproj", "{A9D0B516-E5F4-4E10-9831-D4C76272F619}"
EndProject
Project("{9A19103F-16F7-4668-BE54-9A1E7A4F7556}") = "GenericValueAdapter", "GenericValueAdapter\GenericValueAdapter.csproj", "{BBD76CD8-FFD1-4549-919C-7F793A6CC096}"
EndProject
Project("{9A19103F-16F7-4668-BE54-9A1E7A4F7556}") = "AdapterInDependencyInjection", "AdpeterInDependencyInjection\AdapterInDependencyInjection.csproj", "{7E7F6DAA-AAC0-4413-AD28-BFCD8CA06112}"
EndProject
Project("{9A19103F-16F7-4668-BE54-9A1E7A4F7556}") = "Test5", "Test5\Test5.csproj", "{EC364539-8C52-4EBE-A6C0-03A93252E866}"
EndProject
Project("{2150E333-8FDC-42A3-9474-1A3956D46DE8}") = "Bridge", "Bridge", "{1774BF31-0D4B-4946-8E1A-04874A74DAC7}"
EndProject
Project("{9A19103F-16F7-4668-BE54-9A1E7A4F7556}") = "BridgePattern", "BridgePattern\BridgePattern.csproj", "{9D03C459-10E0-4342-81E3-317AEB5BDC15}"
EndProject
Project("{9A19103F-16F7-4668-BE54-9A1E7A4F7556}") = "Test7", "Test7\Test7.csproj", "{23B6FD38-C041-4EE9-B998-2681A431F0A1}"
EndProject
Project("{2150E333-8FDC-42A3-9474-1A3956D46DE8}") = "Composite", "Composite", "{6BF790C1-989C-4673-BB48-781C6DF7E1FE}"
EndProject
Project("{9A19103F-16F7-4668-BE54-9A1E7A4F7556}") = "CompositePattern_GeometricShapes", "CompositePattern\CompositePattern_GeometricShapes.csproj", "{13998DAE-05F9-4628-823F-228CAF6C8CF5}"
EndProject
Project("{FAE04EC0-301F-11D3-BF4B-00C04F79EFBC}") = "CompositePatter_NeuralNetworks", "CompositePatter_NeuralNetworks\CompositePatter_NeuralNetworks.csproj", "{176894CE-64D3-4042-A72D-446AD3C44DC2}"
EndProject
Project("{FAE04EC0-301F-11D3-BF4B-00C04F79EFBC}") = "CompositeSpecification", "CompositeSpecification\CompositeSpecification.csproj", "{2E54B9AB-4752-4495-9FED-2A514E020FA2}"
EndProject
Project("{FAE04EC0-301F-11D3-BF4B-00C04F79EFBC}") = "Test8", "Test8\Test8.csproj", "{8A5C52D5-2EB6-4B69-AF08-810FF7CF1CF9}"
EndProject
Project("{FAE04EC0-301F-11D3-BF4B-00C04F79EFBC}") = "Observer_Via_The_Event_Keyword", "Observer_Via_The_Event_Keyword\Observer_Via_The_Event_Keyword.csproj", "{E7CC3855-AD2D-4867-82FF-C53F23C9B79B}"
EndProject
Project("{FAE04EC0-301F-11D3-BF4B-00C04F79EFBC}") = "WeakEventPatternDotNetOld", "WeakEventPatternDotNetOld\WeakEventPatternDotNetOld.csproj", "{3887F1E6-7591-431B-AEF5-98E41CA54F11}"
EndProject
Project("{2150E333-8FDC-42A3-9474-1A3956D46DE8}") = "Observer", "Observer", "{3D2A5AAB-30E5-46A5-BB49-0A4B0405E90F}"
EndProject
Project("{FAE04EC0-301F-11D3-BF4B-00C04F79EFBC}") = "Observer_Via_Special_Interface", "Observer_Via_Special_Interface\Observer_Via_Special_Interface.csproj", "{27FEE161-F4DB-4266-98E0-32DEC07253D5}"
EndProject
Project("{FAE04EC0-301F-11D3-BF4B-00C04F79EFBC}") = "INotifyPropertyChangedExample", "ObservableCollections\INotifyPropertyChangedExample.csproj", "{20B34B4F-1A9F-4F70-8D19-209B533247BE}"
EndProject
Project("{FAE04EC0-301F-11D3-BF4B-00C04F79EFBC}") = "ObservableCollectionExample", "ObservableCollectionExample\ObservableCollectionExample.csproj", "{9F4BC077-7695-4127-BF51-EB9B356CC411}"
EndProject
Project("{FAE04EC0-301F-11D3-BF4B-00C04F79EFBC}") = "BidirectionalObserver", "BidirectionalObserver\BidirectionalObserver.csproj", "{2639F464-BB6A-4EEA-9B6A-AA024398DCB1}"
EndProject
Global
	GlobalSection(SolutionConfigurationPlatforms) = preSolution
		Debug|Any CPU = Debug|Any CPU
		Release|Any CPU = Release|Any CPU
	EndGlobalSection
	GlobalSection(ProjectConfigurationPlatforms) = postSolution
		{E237E5C9-176E-47DF-AA51-DEAD32899C2F}.Debug|Any CPU.ActiveCfg = Debug|Any CPU
		{E237E5C9-176E-47DF-AA51-DEAD32899C2F}.Debug|Any CPU.Build.0 = Debug|Any CPU
		{E237E5C9-176E-47DF-AA51-DEAD32899C2F}.Release|Any CPU.ActiveCfg = Release|Any CPU
		{E237E5C9-176E-47DF-AA51-DEAD32899C2F}.Release|Any CPU.Build.0 = Release|Any CPU
		{B2F792BB-D37B-49E9-9D56-1F1FD96D477E}.Debug|Any CPU.ActiveCfg = Debug|Any CPU
		{B2F792BB-D37B-49E9-9D56-1F1FD96D477E}.Debug|Any CPU.Build.0 = Debug|Any CPU
		{B2F792BB-D37B-49E9-9D56-1F1FD96D477E}.Release|Any CPU.ActiveCfg = Release|Any CPU
		{B2F792BB-D37B-49E9-9D56-1F1FD96D477E}.Release|Any CPU.Build.0 = Release|Any CPU
		{DDF28049-10FE-46A9-99C0-E773F98D87EE}.Debug|Any CPU.ActiveCfg = Debug|Any CPU
		{DDF28049-10FE-46A9-99C0-E773F98D87EE}.Debug|Any CPU.Build.0 = Debug|Any CPU
		{DDF28049-10FE-46A9-99C0-E773F98D87EE}.Release|Any CPU.ActiveCfg = Release|Any CPU
		{DDF28049-10FE-46A9-99C0-E773F98D87EE}.Release|Any CPU.Build.0 = Release|Any CPU
		{B3E84C34-7651-4109-AC95-5C78F768E7DD}.Debug|Any CPU.ActiveCfg = Debug|Any CPU
		{B3E84C34-7651-4109-AC95-5C78F768E7DD}.Debug|Any CPU.Build.0 = Debug|Any CPU
		{B3E84C34-7651-4109-AC95-5C78F768E7DD}.Release|Any CPU.ActiveCfg = Release|Any CPU
		{B3E84C34-7651-4109-AC95-5C78F768E7DD}.Release|Any CPU.Build.0 = Release|Any CPU
		{7018000D-D8C9-4CB0-9F79-B07AC877E604}.Debug|Any CPU.ActiveCfg = Debug|Any CPU
		{7018000D-D8C9-4CB0-9F79-B07AC877E604}.Debug|Any CPU.Build.0 = Debug|Any CPU
		{7018000D-D8C9-4CB0-9F79-B07AC877E604}.Release|Any CPU.ActiveCfg = Release|Any CPU
		{7018000D-D8C9-4CB0-9F79-B07AC877E604}.Release|Any CPU.Build.0 = Release|Any CPU
		{0D92489A-709D-406A-9689-AC20AEEDDF3E}.Debug|Any CPU.ActiveCfg = Debug|Any CPU
		{0D92489A-709D-406A-9689-AC20AEEDDF3E}.Debug|Any CPU.Build.0 = Debug|Any CPU
		{0D92489A-709D-406A-9689-AC20AEEDDF3E}.Release|Any CPU.ActiveCfg = Release|Any CPU
		{0D92489A-709D-406A-9689-AC20AEEDDF3E}.Release|Any CPU.Build.0 = Release|Any CPU
		{86B4767A-1CE4-47D4-93F5-2058DDA5AB93}.Debug|Any CPU.ActiveCfg = Debug|Any CPU
		{86B4767A-1CE4-47D4-93F5-2058DDA5AB93}.Debug|Any CPU.Build.0 = Debug|Any CPU
		{86B4767A-1CE4-47D4-93F5-2058DDA5AB93}.Release|Any CPU.ActiveCfg = Release|Any CPU
		{86B4767A-1CE4-47D4-93F5-2058DDA5AB93}.Release|Any CPU.Build.0 = Release|Any CPU
		{C400B010-92D6-4185-8932-B59402945394}.Debug|Any CPU.ActiveCfg = Debug|Any CPU
		{C400B010-92D6-4185-8932-B59402945394}.Debug|Any CPU.Build.0 = Debug|Any CPU
		{C400B010-92D6-4185-8932-B59402945394}.Release|Any CPU.ActiveCfg = Release|Any CPU
		{C400B010-92D6-4185-8932-B59402945394}.Release|Any CPU.Build.0 = Release|Any CPU
		{9424A882-D3E2-4C97-8C5B-E0824A4D1996}.Debug|Any CPU.ActiveCfg = Debug|Any CPU
		{9424A882-D3E2-4C97-8C5B-E0824A4D1996}.Debug|Any CPU.Build.0 = Debug|Any CPU
		{9424A882-D3E2-4C97-8C5B-E0824A4D1996}.Release|Any CPU.ActiveCfg = Release|Any CPU
		{9424A882-D3E2-4C97-8C5B-E0824A4D1996}.Release|Any CPU.Build.0 = Release|Any CPU
		{2F2D3028-CEC2-4C30-A98C-7CE69A356EE4}.Debug|Any CPU.ActiveCfg = Debug|Any CPU
		{2F2D3028-CEC2-4C30-A98C-7CE69A356EE4}.Debug|Any CPU.Build.0 = Debug|Any CPU
		{2F2D3028-CEC2-4C30-A98C-7CE69A356EE4}.Release|Any CPU.ActiveCfg = Release|Any CPU
		{2F2D3028-CEC2-4C30-A98C-7CE69A356EE4}.Release|Any CPU.Build.0 = Release|Any CPU
		{EEDE1C14-5693-45AE-8BE0-50F2EC1879F2}.Debug|Any CPU.ActiveCfg = Debug|Any CPU
		{EEDE1C14-5693-45AE-8BE0-50F2EC1879F2}.Debug|Any CPU.Build.0 = Debug|Any CPU
		{EEDE1C14-5693-45AE-8BE0-50F2EC1879F2}.Release|Any CPU.ActiveCfg = Release|Any CPU
		{EEDE1C14-5693-45AE-8BE0-50F2EC1879F2}.Release|Any CPU.Build.0 = Release|Any CPU
		{A347AA7B-E565-4C9A-ACDB-3A2A3EFC5ED9}.Debug|Any CPU.ActiveCfg = Debug|Any CPU
		{A347AA7B-E565-4C9A-ACDB-3A2A3EFC5ED9}.Debug|Any CPU.Build.0 = Debug|Any CPU
		{A347AA7B-E565-4C9A-ACDB-3A2A3EFC5ED9}.Release|Any CPU.ActiveCfg = Release|Any CPU
		{A347AA7B-E565-4C9A-ACDB-3A2A3EFC5ED9}.Release|Any CPU.Build.0 = Release|Any CPU
		{8E37C615-7B69-4010-B7A8-FACF00CE6146}.Debug|Any CPU.ActiveCfg = Debug|Any CPU
		{8E37C615-7B69-4010-B7A8-FACF00CE6146}.Debug|Any CPU.Build.0 = Debug|Any CPU
		{8E37C615-7B69-4010-B7A8-FACF00CE6146}.Release|Any CPU.ActiveCfg = Release|Any CPU
		{8E37C615-7B69-4010-B7A8-FACF00CE6146}.Release|Any CPU.Build.0 = Release|Any CPU
		{4E997313-3727-422C-9065-692A4529BB7F}.Debug|Any CPU.ActiveCfg = Debug|Any CPU
		{4E997313-3727-422C-9065-692A4529BB7F}.Debug|Any CPU.Build.0 = Debug|Any CPU
		{4E997313-3727-422C-9065-692A4529BB7F}.Release|Any CPU.ActiveCfg = Release|Any CPU
		{4E997313-3727-422C-9065-692A4529BB7F}.Release|Any CPU.Build.0 = Release|Any CPU
		{5685B0AE-E2E5-4576-BEBA-6B5994DFEFFF}.Debug|Any CPU.ActiveCfg = Debug|Any CPU
		{5685B0AE-E2E5-4576-BEBA-6B5994DFEFFF}.Debug|Any CPU.Build.0 = Debug|Any CPU
		{5685B0AE-E2E5-4576-BEBA-6B5994DFEFFF}.Release|Any CPU.ActiveCfg = Release|Any CPU
		{5685B0AE-E2E5-4576-BEBA-6B5994DFEFFF}.Release|Any CPU.Build.0 = Release|Any CPU
		{BDAF8B57-F887-4754-957E-39017AD283EE}.Debug|Any CPU.ActiveCfg = Debug|Any CPU
		{BDAF8B57-F887-4754-957E-39017AD283EE}.Debug|Any CPU.Build.0 = Debug|Any CPU
		{BDAF8B57-F887-4754-957E-39017AD283EE}.Release|Any CPU.ActiveCfg = Release|Any CPU
		{BDAF8B57-F887-4754-957E-39017AD283EE}.Release|Any CPU.Build.0 = Release|Any CPU
		{452CA648-77D5-4A2A-ACA2-20C9406509B3}.Debug|Any CPU.ActiveCfg = Debug|Any CPU
		{452CA648-77D5-4A2A-ACA2-20C9406509B3}.Debug|Any CPU.Build.0 = Debug|Any CPU
		{452CA648-77D5-4A2A-ACA2-20C9406509B3}.Release|Any CPU.ActiveCfg = Release|Any CPU
		{452CA648-77D5-4A2A-ACA2-20C9406509B3}.Release|Any CPU.Build.0 = Release|Any CPU
		{9499648A-9B3D-468B-AFF5-331125082E2C}.Debug|Any CPU.ActiveCfg = Debug|Any CPU
		{9499648A-9B3D-468B-AFF5-331125082E2C}.Debug|Any CPU.Build.0 = Debug|Any CPU
		{9499648A-9B3D-468B-AFF5-331125082E2C}.Release|Any CPU.ActiveCfg = Release|Any CPU
		{9499648A-9B3D-468B-AFF5-331125082E2C}.Release|Any CPU.Build.0 = Release|Any CPU
		{D4EC1F57-FC55-405C-BD1A-550C16D13E01}.Debug|Any CPU.ActiveCfg = Debug|Any CPU
		{D4EC1F57-FC55-405C-BD1A-550C16D13E01}.Debug|Any CPU.Build.0 = Debug|Any CPU
		{D4EC1F57-FC55-405C-BD1A-550C16D13E01}.Release|Any CPU.ActiveCfg = Release|Any CPU
		{D4EC1F57-FC55-405C-BD1A-550C16D13E01}.Release|Any CPU.Build.0 = Release|Any CPU
		{A9D0B516-E5F4-4E10-9831-D4C76272F619}.Debug|Any CPU.ActiveCfg = Debug|Any CPU
		{A9D0B516-E5F4-4E10-9831-D4C76272F619}.Debug|Any CPU.Build.0 = Debug|Any CPU
		{A9D0B516-E5F4-4E10-9831-D4C76272F619}.Release|Any CPU.ActiveCfg = Release|Any CPU
		{A9D0B516-E5F4-4E10-9831-D4C76272F619}.Release|Any CPU.Build.0 = Release|Any CPU
		{BBD76CD8-FFD1-4549-919C-7F793A6CC096}.Debug|Any CPU.ActiveCfg = Debug|Any CPU
		{BBD76CD8-FFD1-4549-919C-7F793A6CC096}.Debug|Any CPU.Build.0 = Debug|Any CPU
		{BBD76CD8-FFD1-4549-919C-7F793A6CC096}.Release|Any CPU.ActiveCfg = Release|Any CPU
		{BBD76CD8-FFD1-4549-919C-7F793A6CC096}.Release|Any CPU.Build.0 = Release|Any CPU
		{7E7F6DAA-AAC0-4413-AD28-BFCD8CA06112}.Debug|Any CPU.ActiveCfg = Debug|Any CPU
		{7E7F6DAA-AAC0-4413-AD28-BFCD8CA06112}.Debug|Any CPU.Build.0 = Debug|Any CPU
		{7E7F6DAA-AAC0-4413-AD28-BFCD8CA06112}.Release|Any CPU.ActiveCfg = Release|Any CPU
		{7E7F6DAA-AAC0-4413-AD28-BFCD8CA06112}.Release|Any CPU.Build.0 = Release|Any CPU
		{EC364539-8C52-4EBE-A6C0-03A93252E866}.Debug|Any CPU.ActiveCfg = Debug|Any CPU
		{EC364539-8C52-4EBE-A6C0-03A93252E866}.Debug|Any CPU.Build.0 = Debug|Any CPU
		{EC364539-8C52-4EBE-A6C0-03A93252E866}.Release|Any CPU.ActiveCfg = Release|Any CPU
		{EC364539-8C52-4EBE-A6C0-03A93252E866}.Release|Any CPU.Build.0 = Release|Any CPU
		{9D03C459-10E0-4342-81E3-317AEB5BDC15}.Debug|Any CPU.ActiveCfg = Debug|Any CPU
		{9D03C459-10E0-4342-81E3-317AEB5BDC15}.Debug|Any CPU.Build.0 = Debug|Any CPU
		{9D03C459-10E0-4342-81E3-317AEB5BDC15}.Release|Any CPU.ActiveCfg = Release|Any CPU
		{9D03C459-10E0-4342-81E3-317AEB5BDC15}.Release|Any CPU.Build.0 = Release|Any CPU
		{23B6FD38-C041-4EE9-B998-2681A431F0A1}.Debug|Any CPU.ActiveCfg = Debug|Any CPU
		{23B6FD38-C041-4EE9-B998-2681A431F0A1}.Debug|Any CPU.Build.0 = Debug|Any CPU
		{23B6FD38-C041-4EE9-B998-2681A431F0A1}.Release|Any CPU.ActiveCfg = Release|Any CPU
		{23B6FD38-C041-4EE9-B998-2681A431F0A1}.Release|Any CPU.Build.0 = Release|Any CPU
		{13998DAE-05F9-4628-823F-228CAF6C8CF5}.Debug|Any CPU.ActiveCfg = Debug|Any CPU
		{13998DAE-05F9-4628-823F-228CAF6C8CF5}.Debug|Any CPU.Build.0 = Debug|Any CPU
		{13998DAE-05F9-4628-823F-228CAF6C8CF5}.Release|Any CPU.ActiveCfg = Release|Any CPU
		{13998DAE-05F9-4628-823F-228CAF6C8CF5}.Release|Any CPU.Build.0 = Release|Any CPU
		{176894CE-64D3-4042-A72D-446AD3C44DC2}.Debug|Any CPU.ActiveCfg = Debug|Any CPU
		{176894CE-64D3-4042-A72D-446AD3C44DC2}.Debug|Any CPU.Build.0 = Debug|Any CPU
		{176894CE-64D3-4042-A72D-446AD3C44DC2}.Release|Any CPU.ActiveCfg = Release|Any CPU
		{176894CE-64D3-4042-A72D-446AD3C44DC2}.Release|Any CPU.Build.0 = Release|Any CPU
		{2E54B9AB-4752-4495-9FED-2A514E020FA2}.Debug|Any CPU.ActiveCfg = Debug|Any CPU
		{2E54B9AB-4752-4495-9FED-2A514E020FA2}.Debug|Any CPU.Build.0 = Debug|Any CPU
		{2E54B9AB-4752-4495-9FED-2A514E020FA2}.Release|Any CPU.ActiveCfg = Release|Any CPU
		{2E54B9AB-4752-4495-9FED-2A514E020FA2}.Release|Any CPU.Build.0 = Release|Any CPU
		{8A5C52D5-2EB6-4B69-AF08-810FF7CF1CF9}.Debug|Any CPU.ActiveCfg = Debug|Any CPU
		{8A5C52D5-2EB6-4B69-AF08-810FF7CF1CF9}.Debug|Any CPU.Build.0 = Debug|Any CPU
		{8A5C52D5-2EB6-4B69-AF08-810FF7CF1CF9}.Release|Any CPU.ActiveCfg = Release|Any CPU
		{8A5C52D5-2EB6-4B69-AF08-810FF7CF1CF9}.Release|Any CPU.Build.0 = Release|Any CPU
		{E7CC3855-AD2D-4867-82FF-C53F23C9B79B}.Debug|Any CPU.ActiveCfg = Debug|Any CPU
		{E7CC3855-AD2D-4867-82FF-C53F23C9B79B}.Debug|Any CPU.Build.0 = Debug|Any CPU
		{E7CC3855-AD2D-4867-82FF-C53F23C9B79B}.Release|Any CPU.ActiveCfg = Release|Any CPU
		{E7CC3855-AD2D-4867-82FF-C53F23C9B79B}.Release|Any CPU.Build.0 = Release|Any CPU
		{3887F1E6-7591-431B-AEF5-98E41CA54F11}.Debug|Any CPU.ActiveCfg = Debug|Any CPU
		{3887F1E6-7591-431B-AEF5-98E41CA54F11}.Debug|Any CPU.Build.0 = Debug|Any CPU
		{3887F1E6-7591-431B-AEF5-98E41CA54F11}.Release|Any CPU.ActiveCfg = Release|Any CPU
		{3887F1E6-7591-431B-AEF5-98E41CA54F11}.Release|Any CPU.Build.0 = Release|Any CPU
		{27FEE161-F4DB-4266-98E0-32DEC07253D5}.Debug|Any CPU.ActiveCfg = Debug|Any CPU
		{27FEE161-F4DB-4266-98E0-32DEC07253D5}.Debug|Any CPU.Build.0 = Debug|Any CPU
		{27FEE161-F4DB-4266-98E0-32DEC07253D5}.Release|Any CPU.ActiveCfg = Release|Any CPU
		{27FEE161-F4DB-4266-98E0-32DEC07253D5}.Release|Any CPU.Build.0 = Release|Any CPU
		{20B34B4F-1A9F-4F70-8D19-209B533247BE}.Debug|Any CPU.ActiveCfg = Debug|Any CPU
		{20B34B4F-1A9F-4F70-8D19-209B533247BE}.Debug|Any CPU.Build.0 = Debug|Any CPU
		{20B34B4F-1A9F-4F70-8D19-209B533247BE}.Release|Any CPU.ActiveCfg = Release|Any CPU
		{20B34B4F-1A9F-4F70-8D19-209B533247BE}.Release|Any CPU.Build.0 = Release|Any CPU
		{9F4BC077-7695-4127-BF51-EB9B356CC411}.Debug|Any CPU.ActiveCfg = Debug|Any CPU
		{9F4BC077-7695-4127-BF51-EB9B356CC411}.Debug|Any CPU.Build.0 = Debug|Any CPU
		{9F4BC077-7695-4127-BF51-EB9B356CC411}.Release|Any CPU.ActiveCfg = Release|Any CPU
		{9F4BC077-7695-4127-BF51-EB9B356CC411}.Release|Any CPU.Build.0 = Release|Any CPU
		{2639F464-BB6A-4EEA-9B6A-AA024398DCB1}.Debug|Any CPU.ActiveCfg = Debug|Any CPU
		{2639F464-BB6A-4EEA-9B6A-AA024398DCB1}.Debug|Any CPU.Build.0 = Debug|Any CPU
		{2639F464-BB6A-4EEA-9B6A-AA024398DCB1}.Release|Any CPU.ActiveCfg = Release|Any CPU
		{2639F464-BB6A-4EEA-9B6A-AA024398DCB1}.Release|Any CPU.Build.0 = Release|Any CPU
	EndGlobalSection
	GlobalSection(SolutionProperties) = preSolution
		HideSolutionNode = FALSE
	EndGlobalSection
	GlobalSection(NestedProjects) = preSolution
		{E237E5C9-176E-47DF-AA51-DEAD32899C2F} = {9DCCF51A-843C-44EA-80A1-7D05AFAC38DC}
		{B2F792BB-D37B-49E9-9D56-1F1FD96D477E} = {9DCCF51A-843C-44EA-80A1-7D05AFAC38DC}
		{DDF28049-10FE-46A9-99C0-E773F98D87EE} = {9DCCF51A-843C-44EA-80A1-7D05AFAC38DC}
		{B3E84C34-7651-4109-AC95-5C78F768E7DD} = {9DCCF51A-843C-44EA-80A1-7D05AFAC38DC}
		{7018000D-D8C9-4CB0-9F79-B07AC877E604} = {9DCCF51A-843C-44EA-80A1-7D05AFAC38DC}
		{0D92489A-709D-406A-9689-AC20AEEDDF3E} = {CCA6B77B-DEAF-4CD2-8418-CEF32FFBE5B8}
		{CCA6B77B-DEAF-4CD2-8418-CEF32FFBE5B8} = {6A332E5A-4629-4FAF-8E9C-3F218154EEC3}
		{86B4767A-1CE4-47D4-93F5-2058DDA5AB93} = {CCA6B77B-DEAF-4CD2-8418-CEF32FFBE5B8}
		{C400B010-92D6-4185-8932-B59402945394} = {CCA6B77B-DEAF-4CD2-8418-CEF32FFBE5B8}
		{9424A882-D3E2-4C97-8C5B-E0824A4D1996} = {CCA6B77B-DEAF-4CD2-8418-CEF32FFBE5B8}
		{2F2D3028-CEC2-4C30-A98C-7CE69A356EE4} = {CCA6B77B-DEAF-4CD2-8418-CEF32FFBE5B8}
		{FD15F11E-4AC6-453B-A7D9-658FC5D35842} = {6A332E5A-4629-4FAF-8E9C-3F218154EEC3}
		{EEDE1C14-5693-45AE-8BE0-50F2EC1879F2} = {FD15F11E-4AC6-453B-A7D9-658FC5D35842}
		{A347AA7B-E565-4C9A-ACDB-3A2A3EFC5ED9} = {FD15F11E-4AC6-453B-A7D9-658FC5D35842}
		{8E37C615-7B69-4010-B7A8-FACF00CE6146} = {FD15F11E-4AC6-453B-A7D9-658FC5D35842}
		{4E997313-3727-422C-9065-692A4529BB7F} = {FD15F11E-4AC6-453B-A7D9-658FC5D35842}
		{5685B0AE-E2E5-4576-BEBA-6B5994DFEFFF} = {FD15F11E-4AC6-453B-A7D9-658FC5D35842}
		{2073A0D5-238D-49D4-B222-9530F6507BCA} = {6A332E5A-4629-4FAF-8E9C-3F218154EEC3}
		{BDAF8B57-F887-4754-957E-39017AD283EE} = {2073A0D5-238D-49D4-B222-9530F6507BCA}
		{452CA648-77D5-4A2A-ACA2-20C9406509B3} = {2073A0D5-238D-49D4-B222-9530F6507BCA}
		{9BC266B3-0560-4ABE-915B-632F5ACDEC52} = {6A332E5A-4629-4FAF-8E9C-3F218154EEC3}
		{9499648A-9B3D-468B-AFF5-331125082E2C} = {9BC266B3-0560-4ABE-915B-632F5ACDEC52}
		{D4EC1F57-FC55-405C-BD1A-550C16D13E01} = {9BC266B3-0560-4ABE-915B-632F5ACDEC52}
		{FD53C59F-DFC5-41D2-9BA6-A3EDD3420E4D} = {503DEFDC-965E-4046-B821-E4A8ED42CC48}
		{A9D0B516-E5F4-4E10-9831-D4C76272F619} = {FD53C59F-DFC5-41D2-9BA6-A3EDD3420E4D}
		{BBD76CD8-FFD1-4549-919C-7F793A6CC096} = {FD53C59F-DFC5-41D2-9BA6-A3EDD3420E4D}
		{7E7F6DAA-AAC0-4413-AD28-BFCD8CA06112} = {FD53C59F-DFC5-41D2-9BA6-A3EDD3420E4D}
		{EC364539-8C52-4EBE-A6C0-03A93252E866} = {FD53C59F-DFC5-41D2-9BA6-A3EDD3420E4D}
		{1774BF31-0D4B-4946-8E1A-04874A74DAC7} = {503DEFDC-965E-4046-B821-E4A8ED42CC48}
		{9D03C459-10E0-4342-81E3-317AEB5BDC15} = {1774BF31-0D4B-4946-8E1A-04874A74DAC7}
		{23B6FD38-C041-4EE9-B998-2681A431F0A1} = {1774BF31-0D4B-4946-8E1A-04874A74DAC7}
		{6BF790C1-989C-4673-BB48-781C6DF7E1FE} = {503DEFDC-965E-4046-B821-E4A8ED42CC48}
		{13998DAE-05F9-4628-823F-228CAF6C8CF5} = {6BF790C1-989C-4673-BB48-781C6DF7E1FE}
		{176894CE-64D3-4042-A72D-446AD3C44DC2} = {6BF790C1-989C-4673-BB48-781C6DF7E1FE}
		{2E54B9AB-4752-4495-9FED-2A514E020FA2} = {6BF790C1-989C-4673-BB48-781C6DF7E1FE}
		{8A5C52D5-2EB6-4B69-AF08-810FF7CF1CF9} = {6BF790C1-989C-4673-BB48-781C6DF7E1FE}
		{E7CC3855-AD2D-4867-82FF-C53F23C9B79B} = {3D2A5AAB-30E5-46A5-BB49-0A4B0405E90F}
		{3887F1E6-7591-431B-AEF5-98E41CA54F11} = {3D2A5AAB-30E5-46A5-BB49-0A4B0405E90F}
		{3D2A5AAB-30E5-46A5-BB49-0A4B0405E90F} = {72325D83-B13E-4645-8A93-6CA091EF750E}
		{27FEE161-F4DB-4266-98E0-32DEC07253D5} = {3D2A5AAB-30E5-46A5-BB49-0A4B0405E90F}
		{20B34B4F-1A9F-4F70-8D19-209B533247BE} = {3D2A5AAB-30E5-46A5-BB49-0A4B0405E90F}
		{9F4BC077-7695-4127-BF51-EB9B356CC411} = {3D2A5AAB-30E5-46A5-BB49-0A4B0405E90F}
		{2639F464-BB6A-4EEA-9B6A-AA024398DCB1} = {3D2A5AAB-30E5-46A5-BB49-0A4B0405E90F}
	EndGlobalSection
	GlobalSection(ExtensibilityGlobals) = postSolution
		SolutionGuid = {E7D5D5CF-BF42-4AA3-B580-8A9C9B38E28E}
	EndGlobalSection
EndGlobal
